
Microsoft Visual Studio Solution File, Format Version 12.00
# Visual Studio 2012
Project("{FAE04EC0-301F-11D3-BF4B-00C04F79EFBC}") = "ICSharpCode.NRefactory", "..\NRefactory\ICSharpCode.NRefactory\ICSharpCode.NRefactory.csproj", "{3B2A5653-EC97-4001-BB9B-D90F1AF2C371}"
EndProject
Project("{FAE04EC0-301F-11D3-BF4B-00C04F79EFBC}") = "ICSharpCode.NRefactory.CSharp", "..\NRefactory\ICSharpCode.NRefactory.CSharp\ICSharpCode.NRefactory.CSharp.csproj", "{53DCA265-3C3C-42F9-B647-F72BA678122B}"
EndProject
Project("{FAE04EC0-301F-11D3-BF4B-00C04F79EFBC}") = "Mono.Cecil", "..\cecil\Mono.Cecil.csproj", "{D68133BD-1E63-496E-9EDE-4FBDBF77B486}"
EndProject
Project("{FAE04EC0-301F-11D3-BF4B-00C04F79EFBC}") = "ICSharpCode.NRefactory.Cecil", "..\NRefactory\ICSharpCode.NRefactory.Cecil\ICSharpCode.NRefactory.Cecil.csproj", "{2B8F4F83-C2B3-4E84-A27B-8DEE1BE0E006}"
EndProject
Project("{FAE04EC0-301F-11D3-BF4B-00C04F79EFBC}") = "IKVM.Reflection", "..\ikvm\reflect\IKVM.Reflection.csproj", "{4CB170EF-DFE6-4A56-9E1B-A85449E827A7}"
EndProject
Project("{FAE04EC0-301F-11D3-BF4B-00C04F79EFBC}") = "ICSharpCode.NRefactory.IKVM", "..\NRefactory\ICSharpCode.NRefactory.IKVM\ICSharpCode.NRefactory.IKVM.csproj", "{A727169F-D94F-443F-B305-B057D7F3B420}"
EndProject
Project("{2150E333-8FDC-42A3-9474-1A3956D46DE8}") = "Solution Items", "Solution Items", "{BAB779AF-C294-478D-8182-C7646299C5B9}"
	ProjectSection(SolutionItems) = preProject
		README.md = README.md
	EndProjectSection
EndProject
Project("{FAE04EC0-301F-11D3-BF4B-00C04F79EFBC}") = "NRefactoryTestApp", "NRefactoryTestApp\NRefactoryTestApp.csproj", "{2782FA55-3FD8-4537-B55B-CF09F7AE881E}"
EndProject
Project("{FAE04EC0-301F-11D3-BF4B-00C04F79EFBC}") = "QuantConnect.CodingServices", "QuantConnect.CodingServices\QuantConnect.CodingServices.csproj", "{9CCCB747-6277-4D8E-9F1B-70D129BE7AA0}"
EndProject
Global
	GlobalSection(SolutionConfigurationPlatforms) = preSolution
		Debug|Any CPU = Debug|Any CPU
		Debug|x64 = Debug|x64
		Mono|Any CPU = Mono|Any CPU
		Mono|x64 = Mono|x64
		net_2_0_Debug|Any CPU = net_2_0_Debug|Any CPU
		net_2_0_Debug|x64 = net_2_0_Debug|x64
		net_2_0_Release|Any CPU = net_2_0_Release|Any CPU
		net_2_0_Release|x64 = net_2_0_Release|x64
		net_3_5_Debug|Any CPU = net_3_5_Debug|Any CPU
		net_3_5_Debug|x64 = net_3_5_Debug|x64
		net_3_5_Release|Any CPU = net_3_5_Release|Any CPU
		net_3_5_Release|x64 = net_3_5_Release|x64
		net_4_0_Debug|Any CPU = net_4_0_Debug|Any CPU
		net_4_0_Debug|x64 = net_4_0_Debug|x64
		net_4_0_Release|Any CPU = net_4_0_Release|Any CPU
		net_4_0_Release|x64 = net_4_0_Release|x64
		net_4_5_Debug|Any CPU = net_4_5_Debug|Any CPU
		net_4_5_Debug|x64 = net_4_5_Debug|x64
		net_4_5_Release|Any CPU = net_4_5_Release|Any CPU
		net_4_5_Release|x64 = net_4_5_Release|x64
		Release|Any CPU = Release|Any CPU
		Release|x64 = Release|x64
		silverlight_Debug|Any CPU = silverlight_Debug|Any CPU
		silverlight_Debug|x64 = silverlight_Debug|x64
		silverlight_Release|Any CPU = silverlight_Release|Any CPU
		silverlight_Release|x64 = silverlight_Release|x64
		winphone_Debug|Any CPU = winphone_Debug|Any CPU
		winphone_Debug|x64 = winphone_Debug|x64
		winphone_Release|Any CPU = winphone_Release|Any CPU
		winphone_Release|x64 = winphone_Release|x64
	EndGlobalSection
	GlobalSection(ProjectConfigurationPlatforms) = postSolution
		{3B2A5653-EC97-4001-BB9B-D90F1AF2C371}.Debug|Any CPU.ActiveCfg = Debug|Any CPU
		{3B2A5653-EC97-4001-BB9B-D90F1AF2C371}.Debug|Any CPU.Build.0 = Debug|Any CPU
		{3B2A5653-EC97-4001-BB9B-D90F1AF2C371}.Debug|x64.ActiveCfg = Debug|Any CPU
		{3B2A5653-EC97-4001-BB9B-D90F1AF2C371}.Mono|Any CPU.ActiveCfg = net_4_5_Release|Any CPU
		{3B2A5653-EC97-4001-BB9B-D90F1AF2C371}.Mono|Any CPU.Build.0 = net_4_5_Release|Any CPU
		{3B2A5653-EC97-4001-BB9B-D90F1AF2C371}.Mono|x64.ActiveCfg = net_4_5_Release|Any CPU
		{3B2A5653-EC97-4001-BB9B-D90F1AF2C371}.net_2_0_Debug|Any CPU.ActiveCfg = Debug|Any CPU
		{3B2A5653-EC97-4001-BB9B-D90F1AF2C371}.net_2_0_Debug|Any CPU.Build.0 = Debug|Any CPU
		{3B2A5653-EC97-4001-BB9B-D90F1AF2C371}.net_2_0_Debug|x64.ActiveCfg = Debug|Any CPU
		{3B2A5653-EC97-4001-BB9B-D90F1AF2C371}.net_2_0_Release|Any CPU.ActiveCfg = Release|Any CPU
		{3B2A5653-EC97-4001-BB9B-D90F1AF2C371}.net_2_0_Release|Any CPU.Build.0 = Release|Any CPU
		{3B2A5653-EC97-4001-BB9B-D90F1AF2C371}.net_2_0_Release|x64.ActiveCfg = Release|Any CPU
		{3B2A5653-EC97-4001-BB9B-D90F1AF2C371}.net_3_5_Debug|Any CPU.ActiveCfg = Debug|Any CPU
		{3B2A5653-EC97-4001-BB9B-D90F1AF2C371}.net_3_5_Debug|Any CPU.Build.0 = Debug|Any CPU
		{3B2A5653-EC97-4001-BB9B-D90F1AF2C371}.net_3_5_Debug|x64.ActiveCfg = Debug|Any CPU
		{3B2A5653-EC97-4001-BB9B-D90F1AF2C371}.net_3_5_Release|Any CPU.ActiveCfg = Release|Any CPU
		{3B2A5653-EC97-4001-BB9B-D90F1AF2C371}.net_3_5_Release|Any CPU.Build.0 = Release|Any CPU
		{3B2A5653-EC97-4001-BB9B-D90F1AF2C371}.net_3_5_Release|x64.ActiveCfg = Release|Any CPU
		{3B2A5653-EC97-4001-BB9B-D90F1AF2C371}.net_4_0_Debug|Any CPU.ActiveCfg = net_4_5_Release|Any CPU
		{3B2A5653-EC97-4001-BB9B-D90F1AF2C371}.net_4_0_Debug|Any CPU.Build.0 = net_4_5_Release|Any CPU
		{3B2A5653-EC97-4001-BB9B-D90F1AF2C371}.net_4_0_Debug|x64.ActiveCfg = net_4_5_Release|Any CPU
		{3B2A5653-EC97-4001-BB9B-D90F1AF2C371}.net_4_0_Release|Any CPU.ActiveCfg = Release|Any CPU
		{3B2A5653-EC97-4001-BB9B-D90F1AF2C371}.net_4_0_Release|Any CPU.Build.0 = Release|Any CPU
		{3B2A5653-EC97-4001-BB9B-D90F1AF2C371}.net_4_0_Release|x64.ActiveCfg = Release|Any CPU
		{3B2A5653-EC97-4001-BB9B-D90F1AF2C371}.net_4_5_Debug|Any CPU.ActiveCfg = net_4_5_Debug|Any CPU
		{3B2A5653-EC97-4001-BB9B-D90F1AF2C371}.net_4_5_Debug|Any CPU.Build.0 = net_4_5_Debug|Any CPU
		{3B2A5653-EC97-4001-BB9B-D90F1AF2C371}.net_4_5_Debug|x64.ActiveCfg = net_4_5_Debug|Any CPU
		{3B2A5653-EC97-4001-BB9B-D90F1AF2C371}.net_4_5_Release|Any CPU.ActiveCfg = net_4_5_Release|Any CPU
		{3B2A5653-EC97-4001-BB9B-D90F1AF2C371}.net_4_5_Release|Any CPU.Build.0 = net_4_5_Release|Any CPU
		{3B2A5653-EC97-4001-BB9B-D90F1AF2C371}.net_4_5_Release|x64.ActiveCfg = net_4_5_Release|Any CPU
		{3B2A5653-EC97-4001-BB9B-D90F1AF2C371}.Release|Any CPU.ActiveCfg = Release|Any CPU
		{3B2A5653-EC97-4001-BB9B-D90F1AF2C371}.Release|Any CPU.Build.0 = Release|Any CPU
		{3B2A5653-EC97-4001-BB9B-D90F1AF2C371}.Release|x64.ActiveCfg = Release|Any CPU
		{3B2A5653-EC97-4001-BB9B-D90F1AF2C371}.silverlight_Debug|Any CPU.ActiveCfg = Debug|Any CPU
		{3B2A5653-EC97-4001-BB9B-D90F1AF2C371}.silverlight_Debug|Any CPU.Build.0 = Debug|Any CPU
		{3B2A5653-EC97-4001-BB9B-D90F1AF2C371}.silverlight_Debug|x64.ActiveCfg = Debug|Any CPU
		{3B2A5653-EC97-4001-BB9B-D90F1AF2C371}.silverlight_Release|Any CPU.ActiveCfg = Release|Any CPU
		{3B2A5653-EC97-4001-BB9B-D90F1AF2C371}.silverlight_Release|Any CPU.Build.0 = Release|Any CPU
		{3B2A5653-EC97-4001-BB9B-D90F1AF2C371}.silverlight_Release|x64.ActiveCfg = Release|Any CPU
		{3B2A5653-EC97-4001-BB9B-D90F1AF2C371}.winphone_Debug|Any CPU.ActiveCfg = Debug|Any CPU
		{3B2A5653-EC97-4001-BB9B-D90F1AF2C371}.winphone_Debug|Any CPU.Build.0 = Debug|Any CPU
		{3B2A5653-EC97-4001-BB9B-D90F1AF2C371}.winphone_Debug|x64.ActiveCfg = Debug|Any CPU
		{3B2A5653-EC97-4001-BB9B-D90F1AF2C371}.winphone_Release|Any CPU.ActiveCfg = Release|Any CPU
		{3B2A5653-EC97-4001-BB9B-D90F1AF2C371}.winphone_Release|Any CPU.Build.0 = Release|Any CPU
		{3B2A5653-EC97-4001-BB9B-D90F1AF2C371}.winphone_Release|x64.ActiveCfg = Release|Any CPU
		{53DCA265-3C3C-42F9-B647-F72BA678122B}.Debug|Any CPU.ActiveCfg = Debug|Any CPU
		{53DCA265-3C3C-42F9-B647-F72BA678122B}.Debug|Any CPU.Build.0 = Debug|Any CPU
		{53DCA265-3C3C-42F9-B647-F72BA678122B}.Debug|x64.ActiveCfg = Debug|Any CPU
		{53DCA265-3C3C-42F9-B647-F72BA678122B}.Mono|Any CPU.ActiveCfg = net_4_5_Release|Any CPU
		{53DCA265-3C3C-42F9-B647-F72BA678122B}.Mono|Any CPU.Build.0 = net_4_5_Release|Any CPU
		{53DCA265-3C3C-42F9-B647-F72BA678122B}.Mono|x64.ActiveCfg = net_4_5_Release|Any CPU
		{53DCA265-3C3C-42F9-B647-F72BA678122B}.net_2_0_Debug|Any CPU.ActiveCfg = Debug|Any CPU
		{53DCA265-3C3C-42F9-B647-F72BA678122B}.net_2_0_Debug|Any CPU.Build.0 = Debug|Any CPU
		{53DCA265-3C3C-42F9-B647-F72BA678122B}.net_2_0_Debug|x64.ActiveCfg = Debug|Any CPU
		{53DCA265-3C3C-42F9-B647-F72BA678122B}.net_2_0_Release|Any CPU.ActiveCfg = Release|Any CPU
		{53DCA265-3C3C-42F9-B647-F72BA678122B}.net_2_0_Release|Any CPU.Build.0 = Release|Any CPU
		{53DCA265-3C3C-42F9-B647-F72BA678122B}.net_2_0_Release|x64.ActiveCfg = Release|Any CPU
		{53DCA265-3C3C-42F9-B647-F72BA678122B}.net_3_5_Debug|Any CPU.ActiveCfg = Debug|Any CPU
		{53DCA265-3C3C-42F9-B647-F72BA678122B}.net_3_5_Debug|Any CPU.Build.0 = Debug|Any CPU
		{53DCA265-3C3C-42F9-B647-F72BA678122B}.net_3_5_Debug|x64.ActiveCfg = Debug|Any CPU
		{53DCA265-3C3C-42F9-B647-F72BA678122B}.net_3_5_Release|Any CPU.ActiveCfg = Release|Any CPU
		{53DCA265-3C3C-42F9-B647-F72BA678122B}.net_3_5_Release|Any CPU.Build.0 = Release|Any CPU
		{53DCA265-3C3C-42F9-B647-F72BA678122B}.net_3_5_Release|x64.ActiveCfg = Release|Any CPU
		{53DCA265-3C3C-42F9-B647-F72BA678122B}.net_4_0_Debug|Any CPU.ActiveCfg = net_4_5_Release|Any CPU
		{53DCA265-3C3C-42F9-B647-F72BA678122B}.net_4_0_Debug|Any CPU.Build.0 = net_4_5_Release|Any CPU
		{53DCA265-3C3C-42F9-B647-F72BA678122B}.net_4_0_Debug|x64.ActiveCfg = net_4_5_Release|Any CPU
		{53DCA265-3C3C-42F9-B647-F72BA678122B}.net_4_0_Release|Any CPU.ActiveCfg = Release|Any CPU
		{53DCA265-3C3C-42F9-B647-F72BA678122B}.net_4_0_Release|Any CPU.Build.0 = Release|Any CPU
		{53DCA265-3C3C-42F9-B647-F72BA678122B}.net_4_0_Release|x64.ActiveCfg = Release|Any CPU
		{53DCA265-3C3C-42F9-B647-F72BA678122B}.net_4_5_Debug|Any CPU.ActiveCfg = net_4_5_Debug|Any CPU
		{53DCA265-3C3C-42F9-B647-F72BA678122B}.net_4_5_Debug|Any CPU.Build.0 = net_4_5_Debug|Any CPU
		{53DCA265-3C3C-42F9-B647-F72BA678122B}.net_4_5_Debug|x64.ActiveCfg = net_4_5_Debug|Any CPU
		{53DCA265-3C3C-42F9-B647-F72BA678122B}.net_4_5_Release|Any CPU.ActiveCfg = net_4_5_Release|Any CPU
		{53DCA265-3C3C-42F9-B647-F72BA678122B}.net_4_5_Release|Any CPU.Build.0 = net_4_5_Release|Any CPU
		{53DCA265-3C3C-42F9-B647-F72BA678122B}.net_4_5_Release|x64.ActiveCfg = net_4_5_Release|Any CPU
		{53DCA265-3C3C-42F9-B647-F72BA678122B}.Release|Any CPU.ActiveCfg = Release|Any CPU
		{53DCA265-3C3C-42F9-B647-F72BA678122B}.Release|Any CPU.Build.0 = Release|Any CPU
		{53DCA265-3C3C-42F9-B647-F72BA678122B}.Release|x64.ActiveCfg = Release|Any CPU
		{53DCA265-3C3C-42F9-B647-F72BA678122B}.silverlight_Debug|Any CPU.ActiveCfg = Debug|Any CPU
		{53DCA265-3C3C-42F9-B647-F72BA678122B}.silverlight_Debug|Any CPU.Build.0 = Debug|Any CPU
		{53DCA265-3C3C-42F9-B647-F72BA678122B}.silverlight_Debug|x64.ActiveCfg = Debug|Any CPU
		{53DCA265-3C3C-42F9-B647-F72BA678122B}.silverlight_Release|Any CPU.ActiveCfg = Release|Any CPU
		{53DCA265-3C3C-42F9-B647-F72BA678122B}.silverlight_Release|Any CPU.Build.0 = Release|Any CPU
		{53DCA265-3C3C-42F9-B647-F72BA678122B}.silverlight_Release|x64.ActiveCfg = Release|Any CPU
		{53DCA265-3C3C-42F9-B647-F72BA678122B}.winphone_Debug|Any CPU.ActiveCfg = Debug|Any CPU
		{53DCA265-3C3C-42F9-B647-F72BA678122B}.winphone_Debug|Any CPU.Build.0 = Debug|Any CPU
		{53DCA265-3C3C-42F9-B647-F72BA678122B}.winphone_Debug|x64.ActiveCfg = Debug|Any CPU
		{53DCA265-3C3C-42F9-B647-F72BA678122B}.winphone_Release|Any CPU.ActiveCfg = Release|Any CPU
		{53DCA265-3C3C-42F9-B647-F72BA678122B}.winphone_Release|Any CPU.Build.0 = Release|Any CPU
		{53DCA265-3C3C-42F9-B647-F72BA678122B}.winphone_Release|x64.ActiveCfg = Release|Any CPU
		{D68133BD-1E63-496E-9EDE-4FBDBF77B486}.Debug|Any CPU.ActiveCfg = winphone_Debug|Any CPU
		{D68133BD-1E63-496E-9EDE-4FBDBF77B486}.Debug|Any CPU.Build.0 = winphone_Debug|Any CPU
		{D68133BD-1E63-496E-9EDE-4FBDBF77B486}.Debug|x64.ActiveCfg = winphone_Debug|Any CPU
		{D68133BD-1E63-496E-9EDE-4FBDBF77B486}.Mono|Any CPU.ActiveCfg = winphone_Release|Any CPU
		{D68133BD-1E63-496E-9EDE-4FBDBF77B486}.Mono|Any CPU.Build.0 = winphone_Release|Any CPU
		{D68133BD-1E63-496E-9EDE-4FBDBF77B486}.Mono|x64.ActiveCfg = winphone_Release|Any CPU
		{D68133BD-1E63-496E-9EDE-4FBDBF77B486}.net_2_0_Debug|Any CPU.ActiveCfg = net_2_0_Debug|Any CPU
		{D68133BD-1E63-496E-9EDE-4FBDBF77B486}.net_2_0_Debug|Any CPU.Build.0 = net_2_0_Debug|Any CPU
		{D68133BD-1E63-496E-9EDE-4FBDBF77B486}.net_2_0_Debug|x64.ActiveCfg = net_2_0_Debug|Any CPU
		{D68133BD-1E63-496E-9EDE-4FBDBF77B486}.net_2_0_Release|Any CPU.ActiveCfg = net_2_0_Release|Any CPU
		{D68133BD-1E63-496E-9EDE-4FBDBF77B486}.net_2_0_Release|Any CPU.Build.0 = net_2_0_Release|Any CPU
		{D68133BD-1E63-496E-9EDE-4FBDBF77B486}.net_2_0_Release|x64.ActiveCfg = net_2_0_Release|Any CPU
		{D68133BD-1E63-496E-9EDE-4FBDBF77B486}.net_3_5_Debug|Any CPU.ActiveCfg = net_3_5_Debug|Any CPU
		{D68133BD-1E63-496E-9EDE-4FBDBF77B486}.net_3_5_Debug|Any CPU.Build.0 = net_3_5_Debug|Any CPU
		{D68133BD-1E63-496E-9EDE-4FBDBF77B486}.net_3_5_Debug|x64.ActiveCfg = net_3_5_Debug|Any CPU
		{D68133BD-1E63-496E-9EDE-4FBDBF77B486}.net_3_5_Release|Any CPU.ActiveCfg = net_3_5_Release|Any CPU
		{D68133BD-1E63-496E-9EDE-4FBDBF77B486}.net_3_5_Release|Any CPU.Build.0 = net_3_5_Release|Any CPU
		{D68133BD-1E63-496E-9EDE-4FBDBF77B486}.net_3_5_Release|x64.ActiveCfg = net_3_5_Release|Any CPU
		{D68133BD-1E63-496E-9EDE-4FBDBF77B486}.net_4_0_Debug|Any CPU.ActiveCfg = net_4_0_Debug|Any CPU
		{D68133BD-1E63-496E-9EDE-4FBDBF77B486}.net_4_0_Debug|Any CPU.Build.0 = net_4_0_Debug|Any CPU
		{D68133BD-1E63-496E-9EDE-4FBDBF77B486}.net_4_0_Debug|x64.ActiveCfg = net_4_0_Debug|Any CPU
		{D68133BD-1E63-496E-9EDE-4FBDBF77B486}.net_4_0_Release|Any CPU.ActiveCfg = net_4_0_Release|Any CPU
		{D68133BD-1E63-496E-9EDE-4FBDBF77B486}.net_4_0_Release|Any CPU.Build.0 = net_4_0_Release|Any CPU
		{D68133BD-1E63-496E-9EDE-4FBDBF77B486}.net_4_0_Release|x64.ActiveCfg = net_4_0_Release|Any CPU
		{D68133BD-1E63-496E-9EDE-4FBDBF77B486}.net_4_5_Debug|Any CPU.ActiveCfg = net_4_0_Release|Any CPU
		{D68133BD-1E63-496E-9EDE-4FBDBF77B486}.net_4_5_Debug|Any CPU.Build.0 = net_4_0_Release|Any CPU
		{D68133BD-1E63-496E-9EDE-4FBDBF77B486}.net_4_5_Debug|x64.ActiveCfg = net_4_0_Release|Any CPU
		{D68133BD-1E63-496E-9EDE-4FBDBF77B486}.net_4_5_Release|Any CPU.ActiveCfg = net_4_0_Release|Any CPU
		{D68133BD-1E63-496E-9EDE-4FBDBF77B486}.net_4_5_Release|Any CPU.Build.0 = net_4_0_Release|Any CPU
		{D68133BD-1E63-496E-9EDE-4FBDBF77B486}.net_4_5_Release|x64.ActiveCfg = net_4_0_Release|Any CPU
		{D68133BD-1E63-496E-9EDE-4FBDBF77B486}.Release|Any CPU.ActiveCfg = winphone_Release|Any CPU
		{D68133BD-1E63-496E-9EDE-4FBDBF77B486}.Release|Any CPU.Build.0 = winphone_Release|Any CPU
		{D68133BD-1E63-496E-9EDE-4FBDBF77B486}.Release|x64.ActiveCfg = winphone_Release|Any CPU
		{D68133BD-1E63-496E-9EDE-4FBDBF77B486}.silverlight_Debug|Any CPU.ActiveCfg = silverlight_Debug|Any CPU
		{D68133BD-1E63-496E-9EDE-4FBDBF77B486}.silverlight_Debug|Any CPU.Build.0 = silverlight_Debug|Any CPU
		{D68133BD-1E63-496E-9EDE-4FBDBF77B486}.silverlight_Debug|x64.ActiveCfg = silverlight_Debug|Any CPU
		{D68133BD-1E63-496E-9EDE-4FBDBF77B486}.silverlight_Release|Any CPU.ActiveCfg = silverlight_Release|Any CPU
		{D68133BD-1E63-496E-9EDE-4FBDBF77B486}.silverlight_Release|Any CPU.Build.0 = silverlight_Release|Any CPU
		{D68133BD-1E63-496E-9EDE-4FBDBF77B486}.silverlight_Release|x64.ActiveCfg = silverlight_Release|Any CPU
		{D68133BD-1E63-496E-9EDE-4FBDBF77B486}.winphone_Debug|Any CPU.ActiveCfg = winphone_Debug|Any CPU
		{D68133BD-1E63-496E-9EDE-4FBDBF77B486}.winphone_Debug|Any CPU.Build.0 = winphone_Debug|Any CPU
		{D68133BD-1E63-496E-9EDE-4FBDBF77B486}.winphone_Debug|x64.ActiveCfg = winphone_Debug|Any CPU
		{D68133BD-1E63-496E-9EDE-4FBDBF77B486}.winphone_Release|Any CPU.ActiveCfg = winphone_Release|Any CPU
		{D68133BD-1E63-496E-9EDE-4FBDBF77B486}.winphone_Release|Any CPU.Build.0 = winphone_Release|Any CPU
		{D68133BD-1E63-496E-9EDE-4FBDBF77B486}.winphone_Release|x64.ActiveCfg = winphone_Release|Any CPU
		{2B8F4F83-C2B3-4E84-A27B-8DEE1BE0E006}.Debug|Any CPU.ActiveCfg = Debug|Any CPU
		{2B8F4F83-C2B3-4E84-A27B-8DEE1BE0E006}.Debug|Any CPU.Build.0 = Debug|Any CPU
		{2B8F4F83-C2B3-4E84-A27B-8DEE1BE0E006}.Debug|x64.ActiveCfg = Debug|Any CPU
		{2B8F4F83-C2B3-4E84-A27B-8DEE1BE0E006}.Mono|Any CPU.ActiveCfg = Release|Any CPU
		{2B8F4F83-C2B3-4E84-A27B-8DEE1BE0E006}.Mono|Any CPU.Build.0 = Release|Any CPU
		{2B8F4F83-C2B3-4E84-A27B-8DEE1BE0E006}.Mono|x64.ActiveCfg = Release|Any CPU
		{2B8F4F83-C2B3-4E84-A27B-8DEE1BE0E006}.net_2_0_Debug|Any CPU.ActiveCfg = Debug|Any CPU
		{2B8F4F83-C2B3-4E84-A27B-8DEE1BE0E006}.net_2_0_Debug|Any CPU.Build.0 = Debug|Any CPU
		{2B8F4F83-C2B3-4E84-A27B-8DEE1BE0E006}.net_2_0_Debug|x64.ActiveCfg = Debug|Any CPU
		{2B8F4F83-C2B3-4E84-A27B-8DEE1BE0E006}.net_2_0_Release|Any CPU.ActiveCfg = Release|Any CPU
		{2B8F4F83-C2B3-4E84-A27B-8DEE1BE0E006}.net_2_0_Release|Any CPU.Build.0 = Release|Any CPU
		{2B8F4F83-C2B3-4E84-A27B-8DEE1BE0E006}.net_2_0_Release|x64.ActiveCfg = Release|Any CPU
		{2B8F4F83-C2B3-4E84-A27B-8DEE1BE0E006}.net_3_5_Debug|Any CPU.ActiveCfg = Debug|Any CPU
		{2B8F4F83-C2B3-4E84-A27B-8DEE1BE0E006}.net_3_5_Debug|Any CPU.Build.0 = Debug|Any CPU
		{2B8F4F83-C2B3-4E84-A27B-8DEE1BE0E006}.net_3_5_Debug|x64.ActiveCfg = Debug|Any CPU
		{2B8F4F83-C2B3-4E84-A27B-8DEE1BE0E006}.net_3_5_Release|Any CPU.ActiveCfg = Release|Any CPU
		{2B8F4F83-C2B3-4E84-A27B-8DEE1BE0E006}.net_3_5_Release|Any CPU.Build.0 = Release|Any CPU
		{2B8F4F83-C2B3-4E84-A27B-8DEE1BE0E006}.net_3_5_Release|x64.ActiveCfg = Release|Any CPU
		{2B8F4F83-C2B3-4E84-A27B-8DEE1BE0E006}.net_4_0_Debug|Any CPU.ActiveCfg = Debug|Any CPU
		{2B8F4F83-C2B3-4E84-A27B-8DEE1BE0E006}.net_4_0_Debug|Any CPU.Build.0 = Debug|Any CPU
		{2B8F4F83-C2B3-4E84-A27B-8DEE1BE0E006}.net_4_0_Debug|x64.ActiveCfg = Debug|Any CPU
		{2B8F4F83-C2B3-4E84-A27B-8DEE1BE0E006}.net_4_0_Release|Any CPU.ActiveCfg = Release|Any CPU
		{2B8F4F83-C2B3-4E84-A27B-8DEE1BE0E006}.net_4_0_Release|Any CPU.Build.0 = Release|Any CPU
		{2B8F4F83-C2B3-4E84-A27B-8DEE1BE0E006}.net_4_0_Release|x64.ActiveCfg = Release|Any CPU
		{2B8F4F83-C2B3-4E84-A27B-8DEE1BE0E006}.net_4_5_Debug|Any CPU.ActiveCfg = Debug|Any CPU
		{2B8F4F83-C2B3-4E84-A27B-8DEE1BE0E006}.net_4_5_Debug|Any CPU.Build.0 = Debug|Any CPU
		{2B8F4F83-C2B3-4E84-A27B-8DEE1BE0E006}.net_4_5_Debug|x64.ActiveCfg = Debug|Any CPU
		{2B8F4F83-C2B3-4E84-A27B-8DEE1BE0E006}.net_4_5_Release|Any CPU.ActiveCfg = Release|Any CPU
		{2B8F4F83-C2B3-4E84-A27B-8DEE1BE0E006}.net_4_5_Release|Any CPU.Build.0 = Release|Any CPU
		{2B8F4F83-C2B3-4E84-A27B-8DEE1BE0E006}.net_4_5_Release|x64.ActiveCfg = Release|Any CPU
		{2B8F4F83-C2B3-4E84-A27B-8DEE1BE0E006}.Release|Any CPU.ActiveCfg = Release|Any CPU
		{2B8F4F83-C2B3-4E84-A27B-8DEE1BE0E006}.Release|Any CPU.Build.0 = Release|Any CPU
		{2B8F4F83-C2B3-4E84-A27B-8DEE1BE0E006}.Release|x64.ActiveCfg = Release|Any CPU
		{2B8F4F83-C2B3-4E84-A27B-8DEE1BE0E006}.silverlight_Debug|Any CPU.ActiveCfg = Debug|Any CPU
		{2B8F4F83-C2B3-4E84-A27B-8DEE1BE0E006}.silverlight_Debug|Any CPU.Build.0 = Debug|Any CPU
		{2B8F4F83-C2B3-4E84-A27B-8DEE1BE0E006}.silverlight_Debug|x64.ActiveCfg = Debug|Any CPU
		{2B8F4F83-C2B3-4E84-A27B-8DEE1BE0E006}.silverlight_Release|Any CPU.ActiveCfg = Release|Any CPU
		{2B8F4F83-C2B3-4E84-A27B-8DEE1BE0E006}.silverlight_Release|Any CPU.Build.0 = Release|Any CPU
		{2B8F4F83-C2B3-4E84-A27B-8DEE1BE0E006}.silverlight_Release|x64.ActiveCfg = Release|Any CPU
		{2B8F4F83-C2B3-4E84-A27B-8DEE1BE0E006}.winphone_Debug|Any CPU.ActiveCfg = Debug|Any CPU
		{2B8F4F83-C2B3-4E84-A27B-8DEE1BE0E006}.winphone_Debug|Any CPU.Build.0 = Debug|Any CPU
		{2B8F4F83-C2B3-4E84-A27B-8DEE1BE0E006}.winphone_Debug|x64.ActiveCfg = Debug|Any CPU
		{2B8F4F83-C2B3-4E84-A27B-8DEE1BE0E006}.winphone_Release|Any CPU.ActiveCfg = Release|Any CPU
		{2B8F4F83-C2B3-4E84-A27B-8DEE1BE0E006}.winphone_Release|Any CPU.Build.0 = Release|Any CPU
		{2B8F4F83-C2B3-4E84-A27B-8DEE1BE0E006}.winphone_Release|x64.ActiveCfg = Release|Any CPU
		{4CB170EF-DFE6-4A56-9E1B-A85449E827A7}.Debug|Any CPU.ActiveCfg = Debug|Any CPU
		{4CB170EF-DFE6-4A56-9E1B-A85449E827A7}.Debug|Any CPU.Build.0 = Debug|Any CPU
		{4CB170EF-DFE6-4A56-9E1B-A85449E827A7}.Debug|x64.ActiveCfg = Debug|Any CPU
		{4CB170EF-DFE6-4A56-9E1B-A85449E827A7}.Mono|Any CPU.ActiveCfg = Release|Any CPU
		{4CB170EF-DFE6-4A56-9E1B-A85449E827A7}.Mono|Any CPU.Build.0 = Release|Any CPU
		{4CB170EF-DFE6-4A56-9E1B-A85449E827A7}.Mono|x64.ActiveCfg = Release|Any CPU
		{4CB170EF-DFE6-4A56-9E1B-A85449E827A7}.net_2_0_Debug|Any CPU.ActiveCfg = Debug|Any CPU
		{4CB170EF-DFE6-4A56-9E1B-A85449E827A7}.net_2_0_Debug|Any CPU.Build.0 = Debug|Any CPU
		{4CB170EF-DFE6-4A56-9E1B-A85449E827A7}.net_2_0_Debug|x64.ActiveCfg = Debug|Any CPU
		{4CB170EF-DFE6-4A56-9E1B-A85449E827A7}.net_2_0_Release|Any CPU.ActiveCfg = Release|Any CPU
		{4CB170EF-DFE6-4A56-9E1B-A85449E827A7}.net_2_0_Release|Any CPU.Build.0 = Release|Any CPU
		{4CB170EF-DFE6-4A56-9E1B-A85449E827A7}.net_2_0_Release|x64.ActiveCfg = Release|Any CPU
		{4CB170EF-DFE6-4A56-9E1B-A85449E827A7}.net_3_5_Debug|Any CPU.ActiveCfg = Debug|Any CPU
		{4CB170EF-DFE6-4A56-9E1B-A85449E827A7}.net_3_5_Debug|Any CPU.Build.0 = Debug|Any CPU
		{4CB170EF-DFE6-4A56-9E1B-A85449E827A7}.net_3_5_Debug|x64.ActiveCfg = Debug|Any CPU
		{4CB170EF-DFE6-4A56-9E1B-A85449E827A7}.net_3_5_Release|Any CPU.ActiveCfg = Release|Any CPU
		{4CB170EF-DFE6-4A56-9E1B-A85449E827A7}.net_3_5_Release|Any CPU.Build.0 = Release|Any CPU
		{4CB170EF-DFE6-4A56-9E1B-A85449E827A7}.net_3_5_Release|x64.ActiveCfg = Release|Any CPU
		{4CB170EF-DFE6-4A56-9E1B-A85449E827A7}.net_4_0_Debug|Any CPU.ActiveCfg = Debug|Any CPU
		{4CB170EF-DFE6-4A56-9E1B-A85449E827A7}.net_4_0_Debug|Any CPU.Build.0 = Debug|Any CPU
		{4CB170EF-DFE6-4A56-9E1B-A85449E827A7}.net_4_0_Debug|x64.ActiveCfg = Debug|Any CPU
		{4CB170EF-DFE6-4A56-9E1B-A85449E827A7}.net_4_0_Release|Any CPU.ActiveCfg = Release|Any CPU
		{4CB170EF-DFE6-4A56-9E1B-A85449E827A7}.net_4_0_Release|Any CPU.Build.0 = Release|Any CPU
		{4CB170EF-DFE6-4A56-9E1B-A85449E827A7}.net_4_0_Release|x64.ActiveCfg = Release|Any CPU
		{4CB170EF-DFE6-4A56-9E1B-A85449E827A7}.net_4_5_Debug|Any CPU.ActiveCfg = Debug|Any CPU
		{4CB170EF-DFE6-4A56-9E1B-A85449E827A7}.net_4_5_Debug|Any CPU.Build.0 = Debug|Any CPU
		{4CB170EF-DFE6-4A56-9E1B-A85449E827A7}.net_4_5_Debug|x64.ActiveCfg = Debug|Any CPU
		{4CB170EF-DFE6-4A56-9E1B-A85449E827A7}.net_4_5_Release|Any CPU.ActiveCfg = Release|Any CPU
		{4CB170EF-DFE6-4A56-9E1B-A85449E827A7}.net_4_5_Release|Any CPU.Build.0 = Release|Any CPU
		{4CB170EF-DFE6-4A56-9E1B-A85449E827A7}.net_4_5_Release|x64.ActiveCfg = Release|Any CPU
		{4CB170EF-DFE6-4A56-9E1B-A85449E827A7}.Release|Any CPU.ActiveCfg = Release|Any CPU
		{4CB170EF-DFE6-4A56-9E1B-A85449E827A7}.Release|Any CPU.Build.0 = Release|Any CPU
		{4CB170EF-DFE6-4A56-9E1B-A85449E827A7}.Release|x64.ActiveCfg = Release|Any CPU
		{4CB170EF-DFE6-4A56-9E1B-A85449E827A7}.silverlight_Debug|Any CPU.ActiveCfg = Debug|Any CPU
		{4CB170EF-DFE6-4A56-9E1B-A85449E827A7}.silverlight_Debug|Any CPU.Build.0 = Debug|Any CPU
		{4CB170EF-DFE6-4A56-9E1B-A85449E827A7}.silverlight_Debug|x64.ActiveCfg = Debug|Any CPU
		{4CB170EF-DFE6-4A56-9E1B-A85449E827A7}.silverlight_Release|Any CPU.ActiveCfg = Release|Any CPU
		{4CB170EF-DFE6-4A56-9E1B-A85449E827A7}.silverlight_Release|Any CPU.Build.0 = Release|Any CPU
		{4CB170EF-DFE6-4A56-9E1B-A85449E827A7}.silverlight_Release|x64.ActiveCfg = Release|Any CPU
		{4CB170EF-DFE6-4A56-9E1B-A85449E827A7}.winphone_Debug|Any CPU.ActiveCfg = Debug|Any CPU
		{4CB170EF-DFE6-4A56-9E1B-A85449E827A7}.winphone_Debug|Any CPU.Build.0 = Debug|Any CPU
		{4CB170EF-DFE6-4A56-9E1B-A85449E827A7}.winphone_Debug|x64.ActiveCfg = Debug|Any CPU
		{4CB170EF-DFE6-4A56-9E1B-A85449E827A7}.winphone_Release|Any CPU.ActiveCfg = Release|Any CPU
		{4CB170EF-DFE6-4A56-9E1B-A85449E827A7}.winphone_Release|Any CPU.Build.0 = Release|Any CPU
		{4CB170EF-DFE6-4A56-9E1B-A85449E827A7}.winphone_Release|x64.ActiveCfg = Release|Any CPU
		{A727169F-D94F-443F-B305-B057D7F3B420}.Debug|Any CPU.ActiveCfg = Debug|Any CPU
		{A727169F-D94F-443F-B305-B057D7F3B420}.Debug|Any CPU.Build.0 = Debug|Any CPU
		{A727169F-D94F-443F-B305-B057D7F3B420}.Debug|x64.ActiveCfg = Debug|Any CPU
		{A727169F-D94F-443F-B305-B057D7F3B420}.Mono|Any CPU.ActiveCfg = Release|Any CPU
		{A727169F-D94F-443F-B305-B057D7F3B420}.Mono|Any CPU.Build.0 = Release|Any CPU
		{A727169F-D94F-443F-B305-B057D7F3B420}.Mono|x64.ActiveCfg = Release|Any CPU
		{A727169F-D94F-443F-B305-B057D7F3B420}.net_2_0_Debug|Any CPU.ActiveCfg = Debug|Any CPU
		{A727169F-D94F-443F-B305-B057D7F3B420}.net_2_0_Debug|Any CPU.Build.0 = Debug|Any CPU
		{A727169F-D94F-443F-B305-B057D7F3B420}.net_2_0_Debug|x64.ActiveCfg = Debug|Any CPU
		{A727169F-D94F-443F-B305-B057D7F3B420}.net_2_0_Release|Any CPU.ActiveCfg = Release|Any CPU
		{A727169F-D94F-443F-B305-B057D7F3B420}.net_2_0_Release|Any CPU.Build.0 = Release|Any CPU
		{A727169F-D94F-443F-B305-B057D7F3B420}.net_2_0_Release|x64.ActiveCfg = Release|Any CPU
		{A727169F-D94F-443F-B305-B057D7F3B420}.net_3_5_Debug|Any CPU.ActiveCfg = Debug|Any CPU
		{A727169F-D94F-443F-B305-B057D7F3B420}.net_3_5_Debug|Any CPU.Build.0 = Debug|Any CPU
		{A727169F-D94F-443F-B305-B057D7F3B420}.net_3_5_Debug|x64.ActiveCfg = Debug|Any CPU
		{A727169F-D94F-443F-B305-B057D7F3B420}.net_3_5_Release|Any CPU.ActiveCfg = Release|Any CPU
		{A727169F-D94F-443F-B305-B057D7F3B420}.net_3_5_Release|Any CPU.Build.0 = Release|Any CPU
		{A727169F-D94F-443F-B305-B057D7F3B420}.net_3_5_Release|x64.ActiveCfg = Release|Any CPU
		{A727169F-D94F-443F-B305-B057D7F3B420}.net_4_0_Debug|Any CPU.ActiveCfg = Debug|Any CPU
		{A727169F-D94F-443F-B305-B057D7F3B420}.net_4_0_Debug|Any CPU.Build.0 = Debug|Any CPU
		{A727169F-D94F-443F-B305-B057D7F3B420}.net_4_0_Debug|x64.ActiveCfg = Debug|Any CPU
		{A727169F-D94F-443F-B305-B057D7F3B420}.net_4_0_Release|Any CPU.ActiveCfg = Release|Any CPU
		{A727169F-D94F-443F-B305-B057D7F3B420}.net_4_0_Release|Any CPU.Build.0 = Release|Any CPU
		{A727169F-D94F-443F-B305-B057D7F3B420}.net_4_0_Release|x64.ActiveCfg = Release|Any CPU
		{A727169F-D94F-443F-B305-B057D7F3B420}.net_4_5_Debug|Any CPU.ActiveCfg = Debug|Any CPU
		{A727169F-D94F-443F-B305-B057D7F3B420}.net_4_5_Debug|Any CPU.Build.0 = Debug|Any CPU
		{A727169F-D94F-443F-B305-B057D7F3B420}.net_4_5_Debug|x64.ActiveCfg = Debug|Any CPU
		{A727169F-D94F-443F-B305-B057D7F3B420}.net_4_5_Release|Any CPU.ActiveCfg = Release|Any CPU
		{A727169F-D94F-443F-B305-B057D7F3B420}.net_4_5_Release|Any CPU.Build.0 = Release|Any CPU
		{A727169F-D94F-443F-B305-B057D7F3B420}.net_4_5_Release|x64.ActiveCfg = Release|Any CPU
		{A727169F-D94F-443F-B305-B057D7F3B420}.Release|Any CPU.ActiveCfg = Release|Any CPU
		{A727169F-D94F-443F-B305-B057D7F3B420}.Release|Any CPU.Build.0 = Release|Any CPU
		{A727169F-D94F-443F-B305-B057D7F3B420}.Release|x64.ActiveCfg = Release|Any CPU
		{A727169F-D94F-443F-B305-B057D7F3B420}.silverlight_Debug|Any CPU.ActiveCfg = Debug|Any CPU
		{A727169F-D94F-443F-B305-B057D7F3B420}.silverlight_Debug|Any CPU.Build.0 = Debug|Any CPU
		{A727169F-D94F-443F-B305-B057D7F3B420}.silverlight_Debug|x64.ActiveCfg = Debug|Any CPU
		{A727169F-D94F-443F-B305-B057D7F3B420}.silverlight_Release|Any CPU.ActiveCfg = Release|Any CPU
		{A727169F-D94F-443F-B305-B057D7F3B420}.silverlight_Release|Any CPU.Build.0 = Release|Any CPU
		{A727169F-D94F-443F-B305-B057D7F3B420}.silverlight_Release|x64.ActiveCfg = Release|Any CPU
		{A727169F-D94F-443F-B305-B057D7F3B420}.winphone_Debug|Any CPU.ActiveCfg = Debug|Any CPU
		{A727169F-D94F-443F-B305-B057D7F3B420}.winphone_Debug|Any CPU.Build.0 = Debug|Any CPU
		{A727169F-D94F-443F-B305-B057D7F3B420}.winphone_Debug|x64.ActiveCfg = Debug|Any CPU
		{A727169F-D94F-443F-B305-B057D7F3B420}.winphone_Release|Any CPU.ActiveCfg = Release|Any CPU
		{A727169F-D94F-443F-B305-B057D7F3B420}.winphone_Release|Any CPU.Build.0 = Release|Any CPU
		{A727169F-D94F-443F-B305-B057D7F3B420}.winphone_Release|x64.ActiveCfg = Release|Any CPU
		{2782FA55-3FD8-4537-B55B-CF09F7AE881E}.Debug|Any CPU.ActiveCfg = Debug|Any CPU
		{2782FA55-3FD8-4537-B55B-CF09F7AE881E}.Debug|Any CPU.Build.0 = Debug|Any CPU
		{2782FA55-3FD8-4537-B55B-CF09F7AE881E}.Debug|x64.ActiveCfg = Debug|Any CPU
		{2782FA55-3FD8-4537-B55B-CF09F7AE881E}.Mono|Any CPU.ActiveCfg = Release|Any CPU
		{2782FA55-3FD8-4537-B55B-CF09F7AE881E}.Mono|Any CPU.Build.0 = Release|Any CPU
		{2782FA55-3FD8-4537-B55B-CF09F7AE881E}.Mono|x64.ActiveCfg = Release|Any CPU
		{2782FA55-3FD8-4537-B55B-CF09F7AE881E}.net_2_0_Debug|Any CPU.ActiveCfg = Debug|Any CPU
		{2782FA55-3FD8-4537-B55B-CF09F7AE881E}.net_2_0_Debug|Any CPU.Build.0 = Debug|Any CPU
		{2782FA55-3FD8-4537-B55B-CF09F7AE881E}.net_2_0_Debug|x64.ActiveCfg = Debug|Any CPU
		{2782FA55-3FD8-4537-B55B-CF09F7AE881E}.net_2_0_Release|Any CPU.ActiveCfg = Release|Any CPU
		{2782FA55-3FD8-4537-B55B-CF09F7AE881E}.net_2_0_Release|Any CPU.Build.0 = Release|Any CPU
		{2782FA55-3FD8-4537-B55B-CF09F7AE881E}.net_2_0_Release|x64.ActiveCfg = Release|Any CPU
		{2782FA55-3FD8-4537-B55B-CF09F7AE881E}.net_3_5_Debug|Any CPU.ActiveCfg = Debug|Any CPU
		{2782FA55-3FD8-4537-B55B-CF09F7AE881E}.net_3_5_Debug|Any CPU.Build.0 = Debug|Any CPU
		{2782FA55-3FD8-4537-B55B-CF09F7AE881E}.net_3_5_Debug|x64.ActiveCfg = Debug|Any CPU
		{2782FA55-3FD8-4537-B55B-CF09F7AE881E}.net_3_5_Release|Any CPU.ActiveCfg = Release|Any CPU
		{2782FA55-3FD8-4537-B55B-CF09F7AE881E}.net_3_5_Release|Any CPU.Build.0 = Release|Any CPU
		{2782FA55-3FD8-4537-B55B-CF09F7AE881E}.net_3_5_Release|x64.ActiveCfg = Release|Any CPU
		{2782FA55-3FD8-4537-B55B-CF09F7AE881E}.net_4_0_Debug|Any CPU.ActiveCfg = Debug|Any CPU
		{2782FA55-3FD8-4537-B55B-CF09F7AE881E}.net_4_0_Debug|Any CPU.Build.0 = Debug|Any CPU
		{2782FA55-3FD8-4537-B55B-CF09F7AE881E}.net_4_0_Debug|x64.ActiveCfg = Debug|Any CPU
		{2782FA55-3FD8-4537-B55B-CF09F7AE881E}.net_4_0_Release|Any CPU.ActiveCfg = Release|Any CPU
		{2782FA55-3FD8-4537-B55B-CF09F7AE881E}.net_4_0_Release|Any CPU.Build.0 = Release|Any CPU
		{2782FA55-3FD8-4537-B55B-CF09F7AE881E}.net_4_0_Release|x64.ActiveCfg = Release|Any CPU
		{2782FA55-3FD8-4537-B55B-CF09F7AE881E}.net_4_5_Debug|Any CPU.ActiveCfg = Debug|Any CPU
		{2782FA55-3FD8-4537-B55B-CF09F7AE881E}.net_4_5_Debug|Any CPU.Build.0 = Debug|Any CPU
		{2782FA55-3FD8-4537-B55B-CF09F7AE881E}.net_4_5_Debug|x64.ActiveCfg = Debug|Any CPU
		{2782FA55-3FD8-4537-B55B-CF09F7AE881E}.net_4_5_Release|Any CPU.ActiveCfg = Release|Any CPU
		{2782FA55-3FD8-4537-B55B-CF09F7AE881E}.net_4_5_Release|Any CPU.Build.0 = Release|Any CPU
		{2782FA55-3FD8-4537-B55B-CF09F7AE881E}.net_4_5_Release|x64.ActiveCfg = Release|Any CPU
		{2782FA55-3FD8-4537-B55B-CF09F7AE881E}.Release|Any CPU.ActiveCfg = Release|Any CPU
		{2782FA55-3FD8-4537-B55B-CF09F7AE881E}.Release|Any CPU.Build.0 = Release|Any CPU
		{2782FA55-3FD8-4537-B55B-CF09F7AE881E}.Release|x64.ActiveCfg = Release|Any CPU
		{2782FA55-3FD8-4537-B55B-CF09F7AE881E}.silverlight_Debug|Any CPU.ActiveCfg = Debug|Any CPU
		{2782FA55-3FD8-4537-B55B-CF09F7AE881E}.silverlight_Debug|Any CPU.Build.0 = Debug|Any CPU
		{2782FA55-3FD8-4537-B55B-CF09F7AE881E}.silverlight_Debug|x64.ActiveCfg = Debug|Any CPU
		{2782FA55-3FD8-4537-B55B-CF09F7AE881E}.silverlight_Release|Any CPU.ActiveCfg = Release|Any CPU
		{2782FA55-3FD8-4537-B55B-CF09F7AE881E}.silverlight_Release|Any CPU.Build.0 = Release|Any CPU
		{2782FA55-3FD8-4537-B55B-CF09F7AE881E}.silverlight_Release|x64.ActiveCfg = Release|Any CPU
		{2782FA55-3FD8-4537-B55B-CF09F7AE881E}.winphone_Debug|Any CPU.ActiveCfg = Debug|Any CPU
		{2782FA55-3FD8-4537-B55B-CF09F7AE881E}.winphone_Debug|Any CPU.Build.0 = Debug|Any CPU
		{2782FA55-3FD8-4537-B55B-CF09F7AE881E}.winphone_Debug|x64.ActiveCfg = Debug|Any CPU
		{2782FA55-3FD8-4537-B55B-CF09F7AE881E}.winphone_Release|Any CPU.ActiveCfg = Release|Any CPU
		{2782FA55-3FD8-4537-B55B-CF09F7AE881E}.winphone_Release|Any CPU.Build.0 = Release|Any CPU
		{2782FA55-3FD8-4537-B55B-CF09F7AE881E}.winphone_Release|x64.ActiveCfg = Release|Any CPU
		{9CCCB747-6277-4D8E-9F1B-70D129BE7AA0}.Debug|Any CPU.ActiveCfg = Debug|Any CPU
		{9CCCB747-6277-4D8E-9F1B-70D129BE7AA0}.Debug|Any CPU.Build.0 = Debug|Any CPU
		{9CCCB747-6277-4D8E-9F1B-70D129BE7AA0}.Debug|x64.ActiveCfg = Debug|Any CPU
		{9CCCB747-6277-4D8E-9F1B-70D129BE7AA0}.Mono|Any CPU.ActiveCfg = Release|Any CPU
		{9CCCB747-6277-4D8E-9F1B-70D129BE7AA0}.Mono|Any CPU.Build.0 = Release|Any CPU
		{9CCCB747-6277-4D8E-9F1B-70D129BE7AA0}.Mono|x64.ActiveCfg = Release|Any CPU
		{9CCCB747-6277-4D8E-9F1B-70D129BE7AA0}.net_2_0_Debug|Any CPU.ActiveCfg = Debug|Any CPU
		{9CCCB747-6277-4D8E-9F1B-70D129BE7AA0}.net_2_0_Debug|Any CPU.Build.0 = Debug|Any CPU
		{9CCCB747-6277-4D8E-9F1B-70D129BE7AA0}.net_2_0_Debug|x64.ActiveCfg = Debug|Any CPU
		{9CCCB747-6277-4D8E-9F1B-70D129BE7AA0}.net_2_0_Release|Any CPU.ActiveCfg = Release|Any CPU
		{9CCCB747-6277-4D8E-9F1B-70D129BE7AA0}.net_2_0_Release|Any CPU.Build.0 = Release|Any CPU
		{9CCCB747-6277-4D8E-9F1B-70D129BE7AA0}.net_2_0_Release|x64.ActiveCfg = Release|Any CPU
		{9CCCB747-6277-4D8E-9F1B-70D129BE7AA0}.net_3_5_Debug|Any CPU.ActiveCfg = Debug|Any CPU
		{9CCCB747-6277-4D8E-9F1B-70D129BE7AA0}.net_3_5_Debug|Any CPU.Build.0 = Debug|Any CPU
		{9CCCB747-6277-4D8E-9F1B-70D129BE7AA0}.net_3_5_Debug|x64.ActiveCfg = Debug|Any CPU
		{9CCCB747-6277-4D8E-9F1B-70D129BE7AA0}.net_3_5_Release|Any CPU.ActiveCfg = Release|Any CPU
		{9CCCB747-6277-4D8E-9F1B-70D129BE7AA0}.net_3_5_Release|Any CPU.Build.0 = Release|Any CPU
		{9CCCB747-6277-4D8E-9F1B-70D129BE7AA0}.net_3_5_Release|x64.ActiveCfg = Release|Any CPU
		{9CCCB747-6277-4D8E-9F1B-70D129BE7AA0}.net_4_0_Debug|Any CPU.ActiveCfg = Debug|Any CPU
		{9CCCB747-6277-4D8E-9F1B-70D129BE7AA0}.net_4_0_Debug|Any CPU.Build.0 = Debug|Any CPU
		{9CCCB747-6277-4D8E-9F1B-70D129BE7AA0}.net_4_0_Debug|x64.ActiveCfg = Debug|Any CPU
		{9CCCB747-6277-4D8E-9F1B-70D129BE7AA0}.net_4_0_Release|Any CPU.ActiveCfg = Release|Any CPU
		{9CCCB747-6277-4D8E-9F1B-70D129BE7AA0}.net_4_0_Release|Any CPU.Build.0 = Release|Any CPU
		{9CCCB747-6277-4D8E-9F1B-70D129BE7AA0}.net_4_0_Release|x64.ActiveCfg = Release|Any CPU
		{9CCCB747-6277-4D8E-9F1B-70D129BE7AA0}.net_4_5_Debug|Any CPU.ActiveCfg = Debug|Any CPU
		{9CCCB747-6277-4D8E-9F1B-70D129BE7AA0}.net_4_5_Debug|Any CPU.Build.0 = Debug|Any CPU
		{9CCCB747-6277-4D8E-9F1B-70D129BE7AA0}.net_4_5_Debug|x64.ActiveCfg = Debug|Any CPU
		{9CCCB747-6277-4D8E-9F1B-70D129BE7AA0}.net_4_5_Release|Any CPU.ActiveCfg = Release|Any CPU
		{9CCCB747-6277-4D8E-9F1B-70D129BE7AA0}.net_4_5_Release|Any CPU.Build.0 = Release|Any CPU
		{9CCCB747-6277-4D8E-9F1B-70D129BE7AA0}.net_4_5_Release|x64.ActiveCfg = Release|Any CPU
		{9CCCB747-6277-4D8E-9F1B-70D129BE7AA0}.Release|Any CPU.ActiveCfg = Release|Any CPU
		{9CCCB747-6277-4D8E-9F1B-70D129BE7AA0}.Release|Any CPU.Build.0 = Release|Any CPU
		{9CCCB747-6277-4D8E-9F1B-70D129BE7AA0}.Release|x64.ActiveCfg = Release|Any CPU
		{9CCCB747-6277-4D8E-9F1B-70D129BE7AA0}.silverlight_Debug|Any CPU.ActiveCfg = Debug|Any CPU
		{9CCCB747-6277-4D8E-9F1B-70D129BE7AA0}.silverlight_Debug|Any CPU.Build.0 = Debug|Any CPU
		{9CCCB747-6277-4D8E-9F1B-70D129BE7AA0}.silverlight_Debug|x64.ActiveCfg = Debug|Any CPU
		{9CCCB747-6277-4D8E-9F1B-70D129BE7AA0}.silverlight_Release|Any CPU.ActiveCfg = Release|Any CPU
		{9CCCB747-6277-4D8E-9F1B-70D129BE7AA0}.silverlight_Release|Any CPU.Build.0 = Release|Any CPU
		{9CCCB747-6277-4D8E-9F1B-70D129BE7AA0}.silverlight_Release|x64.ActiveCfg = Release|Any CPU
		{9CCCB747-6277-4D8E-9F1B-70D129BE7AA0}.winphone_Debug|Any CPU.ActiveCfg = Debug|Any CPU
		{9CCCB747-6277-4D8E-9F1B-70D129BE7AA0}.winphone_Debug|Any CPU.Build.0 = Debug|Any CPU
		{9CCCB747-6277-4D8E-9F1B-70D129BE7AA0}.winphone_Debug|x64.ActiveCfg = Debug|Any CPU
		{9CCCB747-6277-4D8E-9F1B-70D129BE7AA0}.winphone_Release|Any CPU.ActiveCfg = Release|Any CPU
		{9CCCB747-6277-4D8E-9F1B-70D129BE7AA0}.winphone_Release|Any CPU.Build.0 = Release|Any CPU
		{9CCCB747-6277-4D8E-9F1B-70D129BE7AA0}.winphone_Release|x64.ActiveCfg = Release|Any CPU
	EndGlobalSection
	GlobalSection(SolutionProperties) = preSolution
		HideSolutionNode = FALSE
	EndGlobalSection
EndGlobal
